
Microsoft Visual Studio Solution File, Format Version 12.00
# Visual Studio Version 17
VisualStudioVersion = 17.5.33516.290
MinimumVisualStudioVersion = 10.0.40219.1
Project("{FAE04EC0-301F-11D3-BF4B-00C04F79EFBC}") = "TinhVND", "TinhVND\TinhVND.csproj", "{DE8655B1-20A3-4C6F-A9F0-396F88EA6FC3}"
EndProject
Global
	GlobalSection(SolutionConfigurationPlatforms) = preSolution
		Debug|Any CPU = Debug|Any CPU
		Release|Any CPU = Release|Any CPU
	EndGlobalSection
	GlobalSection(ProjectConfigurationPlatforms) = postSolution
		{DE8655B1-20A3-4C6F-A9F0-396F88EA6FC3}.Debug|Any CPU.ActiveCfg = Debug|Any CPU
		{DE8655B1-20A3-4C6F-A9F0-396F88EA6FC3}.Debug|Any CPU.Build.0 = Debug|Any CPU
		{DE8655B1-20A3-4C6F-A9F0-396F88EA6FC3}.Release|Any CPU.ActiveCfg = Release|Any CPU
		{DE8655B1-20A3-4C6F-A9F0-396F88EA6FC3}.Release|Any CPU.Build.0 = Release|Any CPU
	EndGlobalSection
	GlobalSection(SolutionProperties) = preSolution
		HideSolutionNode = FALSE
	EndGlobalSection
	GlobalSection(ExtensibilityGlobals) = postSolution
		SolutionGuid = {674D1FCE-7D75-45E3-97C5-49086180679C}
	EndGlobalSection
EndGlobal
